[[package]]
name = "anyio"
version = "3.6.2"
requires_python = ">=3.6.2"
summary = "High level compatibility layer for multiple asynchronous event loop implementations"
dependencies = [
    "idna>=2.8",
    "sniffio>=1.1",
]

[[package]]
name = "click"
version = "8.1.3"
requires_python = ">=3.7"
summary = "Composable command line interface toolkit"
dependencies = [
    "colorama; platform_system == \"Windows\"",
]

[[package]]
name = "colorama"
version = "0.4.6"
requires_python = "!=3.0.*,!=3.1.*,!=3.2.*,!=3.3.*,!=3.4.*,!=3.5.*,!=3.6.*,>=2.7"
summary = "Cross-platform colored terminal text."

[[package]]
name = "fastapi"
version = "0.94.0"
requires_python = ">=3.7"
summary = "FastAPI framework, high performance, easy to learn, fast to code, ready for production"
dependencies = [
    "pydantic!=1.7,!=1.7.1,!=1.7.2,!=1.7.3,!=1.8,!=1.8.1,<2.0.0,>=1.6.2",
    "starlette<0.27.0,>=0.26.0",
]

[[package]]
name = "h11"
version = "0.14.0"
requires_python = ">=3.7"
summary = "A pure-Python, bring-your-own-I/O implementation of HTTP/1.1"

[[package]]
name = "idna"
version = "3.4"
requires_python = ">=3.5"
summary = "Internationalized Domain Names in Applications (IDNA)"

[[package]]
name = "prometheus-client"
version = "0.16.0"
requires_python = ">=3.6"
summary = "Python client for the Prometheus monitoring system."

[[package]]
name = "pydantic"
version = "1.10.6"
requires_python = ">=3.7"
summary = "Data validation and settings management using python type hints"
dependencies = [
    "typing-extensions>=4.2.0",
]

[[package]]
name = "sniffio"
version = "1.3.0"
requires_python = ">=3.7"
summary = "Sniff out which async library your code is running under"

[[package]]
name = "starlette"
version = "0.26.0.post1"
requires_python = ">=3.7"
summary = "The little ASGI library that shines."
dependencies = [
    "anyio<5,>=3.4.0",
]

[[package]]
name = "typing-extensions"
version = "4.5.0"
requires_python = ">=3.7"
summary = "Backported and Experimental Type Hints for Python 3.7+"

[[package]]
name = "uvicorn"
version = "0.21.0"
requires_python = ">=3.7"
summary = "The lightning-fast ASGI server."
dependencies = [
    "click>=7.0",
    "h11>=0.8",
]

[metadata]
lock_version = "4.0"
content_hash = "sha256:67f716cea27b11ff1343d1ebe7ad52d33701e123dbe8f05990de5a4a5789e10d"

[metadata.files]
"anyio 3.6.2" = [
    {url = "https://files.pythonhosted.org/packages/77/2b/b4c0b7a3f3d61adb1a1e0b78f90a94e2b6162a043880704b7437ef297cad/anyio-3.6.2-py3-none-any.whl", hash = "sha256:fbbe32bd270d2a2ef3ed1c5d45041250284e31fc0a4df4a5a6071842051a51e3"},
    {url = "https://files.pythonhosted.org/packages/8b/94/6928d4345f2bc1beecbff03325cad43d320717f51ab74ab5a571324f4f5a/anyio-3.6.2.tar.gz", hash = "sha256:25ea0d673ae30af41a0c442f81cf3b38c7e79fdc7b60335a4c14e05eb0947421"},
]
"click 8.1.3" = [
    {url = "https://files.pythonhosted.org/packages/59/87/84326af34517fca8c58418d148f2403df25303e02736832403587318e9e8/click-8.1.3.tar.gz", hash = "sha256:7682dc8afb30297001674575ea00d1814d808d6a36af415a82bd481d37ba7b8e"},
    {url = "https://files.pythonhosted.org/packages/c2/f1/df59e28c642d583f7dacffb1e0965d0e00b218e0186d7858ac5233dce840/click-8.1.3-py3-none-any.whl", hash = "sha256:bb4d8133cb15a609f44e8213d9b391b0809795062913b383c62be0ee95b1db48"},
]
"colorama 0.4.6" = [
    {url = "https://files.pythonhosted.org/packages/d1/d6/3965ed04c63042e047cb6a3e6ed1a63a35087b6a609aa3a15ed8ac56c221/colorama-0.4.6-py2.py3-none-any.whl", hash = "sha256:4f1d9991f5acc0ca119f9d443620b77f9d6b33703e51011c16baf57afb285fc6"},
    {url = "https://files.pythonhosted.org/packages/d8/53/6f443c9a4a8358a93a6792e2acffb9d9d5cb0a5cfd8802644b7b1c9a02e4/colorama-0.4.6.tar.gz", hash = "sha256:08695f5cb7ed6e0531a20572697297273c47b8cae5a63ffc6d6ed5c201be6e44"},
]
"fastapi 0.94.0" = [
    {url = "https://files.pythonhosted.org/packages/61/0f/6622586ef40e96085812fa2266a779a8c70ad66a563e29263a9784125e01/fastapi-0.94.0.tar.gz", hash = "sha256:08ce0bc6f381ef1b6431e84a31d26eca0b60d6e1ac575adba4af95cc5a36cb62"},
    {url = "https://files.pythonhosted.org/packages/f5/07/8e950c4bcb953a0bcbb41e0d7b1d5496f9792edfd0dc2cd518cd7a42f948/fastapi-0.94.0-py3-none-any.whl", hash = "sha256:898d7f6616dea49e78fa00e34401f9ace238fc670aafe4e30a16a384e3a671e1"},
]
"h11 0.14.0" = [
    {url = "https://files.pythonhosted.org/packages/95/04/ff642e65ad6b90db43e668d70ffb6736436c7ce41fcc549f4e9472234127/h11-0.14.0-py3-none-any.whl", hash = "sha256:e3fe4ac4b851c468cc8363d500db52c2ead036020723024a109d37346efaa761"},
    {url = "https://files.pythonhosted.org/packages/f5/38/3af3d3633a34a3316095b39c8e8fb4853a28a536e55d347bd8d8e9a14b03/h11-0.14.0.tar.gz", hash = "sha256:8f19fbbe99e72420ff35c00b27a34cb9937e902a8b810e2c88300c6f0a3b699d"},
]
"idna 3.4" = [
    {url = "https://files.pythonhosted.org/packages/8b/e1/43beb3d38dba6cb420cefa297822eac205a277ab43e5ba5d5c46faf96438/idna-3.4.tar.gz", hash = "sha256:814f528e8dead7d329833b91c5faa87d60bf71824cd12a7530b5526063d02cb4"},
    {url = "https://files.pythonhosted.org/packages/fc/34/3030de6f1370931b9dbb4dad48f6ab1015ab1d32447850b9fc94e60097be/idna-3.4-py3-none-any.whl", hash = "sha256:90b77e79eaa3eba6de819a0c442c0b4ceefc341a7a2ab77d7562bf49f425c5c2"},
]
"prometheus-client 0.16.0" = [
    {url = "https://files.pythonhosted.org/packages/5b/8e/6a546e439b4366ab9eab0a736876eb1e1916dd93b4a1fa560ef711d24f8c/prometheus_client-0.16.0-py3-none-any.whl", hash = "sha256:0836af6eb2c8f4fed712b2f279f6c0a8bbab29f9f4aa15276b91c7cb0d1616ab"},
    {url = "https://files.pythonhosted.org/packages/d0/55/9e34c73e1e490b105b4cd13d08497b1f7cb086a260e4161b7b7c2928b196/prometheus_client-0.16.0.tar.gz", hash = "sha256:a03e35b359f14dd1630898543e2120addfdeacd1a6069c1367ae90fd93ad3f48"},
]
"pydantic 1.10.6" = [
    {url = "https://files.pythonhosted.org/packages/0e/86/8a40e374bc2e93bb285e2589953781b909ad2260ff64c17012327c740282/pydantic-1.10.6-cp38-cp38-win_amd64.whl", hash = "sha256:0abd9c60eee6201b853b6c4be104edfba4f8f6c5f3623f8e1dba90634d63eb35"},
    {url = "https://files.pythonhosted.org/packages/0f/03/dd06b3194227b063b70bb896e8996497cf9a552a6a0ace60befadc44cab3/pydantic-1.10.6-cp37-cp37m-macosx_10_9_x86_64.whl", hash = "sha256:4ca83739c1263a044ec8b79df4eefc34bbac87191f0a513d00dd47d46e307a65"},
    {url = "https://files.pythonhosted.org/packages/10/b4/8c5c7e659c8fe2f00a4dd1c33a6afc05b43a495f79f5ca3510699575d30f/pydantic-1.10.6-cp311-cp311-musllinux_1_1_x86_64.whl", hash = "sha256:3ac1cd4deed871dfe0c5f63721e29debf03e2deefa41b3ed5eb5f5df287c7b70"},
    {url = "https://files.pythonhosted.org/packages/1a/5b/60b9cdffb9aea6d9dcc04a5991eb9dd3e36c4006c58847a09472637081c4/pydantic-1.10.6-cp38-cp38-musllinux_1_1_i686.whl", hash = "sha256:476f6674303ae7965730a382a8e8d7fae18b8004b7b69a56c3d8fa93968aa21c"},
    {url = "https://files.pythonhosted.org/packages/2e/bb/92faa4c5e88786d4f1b7d157b7fba300e99638dc49a1059f8b1f983f758b/pydantic-1.10.6-cp37-cp37m-musllinux_1_1_x86_64.whl", hash = "sha256:415a3f719ce518e95a92effc7ee30118a25c3d032455d13e121e3840985f2efd"},
    {url = "https://files.pythonhosted.org/packages/35/ea/90a5f5eb0514ef204474670836e5b8110655fe9f5c11af76ecf89a54ff28/pydantic-1.10.6-cp310-cp310-macosx_11_0_arm64.whl", hash = "sha256:8c32b6bba301490d9bb2bf5f631907803135e8085b6aa3e5fe5a770d46dd0160"},
    {url = "https://files.pythonhosted.org/packages/37/3b/2589fddb22425a1c29894501947da0bd094105e9a22f09d44bddb3121728/pydantic-1.10.6-cp39-cp39-manylinux_2_17_x86_64.manylinux2014_x86_64.whl", hash = "sha256:4c19eb5163167489cb1e0161ae9220dadd4fc609a42649e7e84a8fa8fff7a80f"},
    {url = "https://files.pythonhosted.org/packages/37/cc/3abca5751da2cefb01413c270a467cf2e6b3250e8eb208625c8109ece56d/pydantic-1.10.6-cp38-cp38-macosx_11_0_arm64.whl", hash = "sha256:751f008cd2afe812a781fd6aa2fb66c620ca2e1a13b6a2152b1ad51553cb4b77"},
    {url = "https://files.pythonhosted.org/packages/39/45/04e7cb7f2cb59bf6f6302c503531a8e50056e1b19d040c144d9e30f263ef/pydantic-1.10.6-cp39-cp39-macosx_11_0_arm64.whl", hash = "sha256:43cdeca8d30de9a897440e3fb8866f827c4c31f6c73838e3a01a14b03b067b1d"},
    {url = "https://files.pythonhosted.org/packages/44/d7/00df4bf20b38a79e6f797bdcec7789fa31205967c70f26fa4b82a445071e/pydantic-1.10.6-cp310-cp310-macosx_10_9_x86_64.whl", hash = "sha256:f9289065611c48147c1dd1fd344e9d57ab45f1d99b0fb26c51f1cf72cd9bcd31"},
    {url = "https://files.pythonhosted.org/packages/46/2c/963584c1b7e0d94fe768070731ddef35366077f8a374ca4e03e2a4379bbe/pydantic-1.10.6-cp37-cp37m-win_amd64.whl", hash = "sha256:72cb30894a34d3a7ab6d959b45a70abac8a2a93b6480fc5a7bfbd9c935bdc4fb"},
    {url = "https://files.pythonhosted.org/packages/48/e7/445974641d4a8a031fa96122d542e504d03d7e0f7824b36954336e7de11f/pydantic-1.10.6-cp38-cp38-musllinux_1_1_x86_64.whl", hash = "sha256:3a2be0a0f32c83265fd71a45027201e1278beaa82ea88ea5b345eea6afa9ac7f"},
    {url = "https://files.pythonhosted.org/packages/4b/7c/2d8f431a995f8d0241f82bf64a293b3b46671884bca970fa9decda772d3c/pydantic-1.10.6-cp38-cp38-manylinux_2_17_x86_64.manylinux2014_x86_64.whl", hash = "sha256:12e837fd320dd30bd625be1b101e3b62edc096a49835392dcf418f1a5ac2b832"},
    {url = "https://files.pythonhosted.org/packages/55/f3/0dd8541b3e612b566080d8116d9f16edc127097200de0e60db2b4b12a419/pydantic-1.10.6-cp310-cp310-musllinux_1_1_i686.whl", hash = "sha256:b41822064585fea56d0116aa431fbd5137ce69dfe837b599e310034171996084"},
    {url = "https://files.pythonhosted.org/packages/69/8a/7f6107354a4ae9c3b94448981083a767549d45d105de3055e59277a1a1c1/pydantic-1.10.6-cp39-cp39-musllinux_1_1_i686.whl", hash = "sha256:528dcf7ec49fb5a84bf6fe346c1cc3c55b0e7603c2123881996ca3ad79db5bfc"},
    {url = "https://files.pythonhosted.org/packages/73/ba/35725b0aee7a34e35e6c00f369645649f92de1e5105349a209b29a829a69/pydantic-1.10.6-cp38-cp38-macosx_10_9_x86_64.whl", hash = "sha256:3091d2eaeda25391405e36c2fc2ed102b48bac4b384d42b2267310abae350ca6"},
    {url = "https://files.pythonhosted.org/packages/74/73/ff4d55b3735e900d8f83e42a45b8ede51021653ee0e4b69ed86e84560506/pydantic-1.10.6-cp310-cp310-musllinux_1_1_x86_64.whl", hash = "sha256:61f1f08adfaa9cc02e0cbc94f478140385cbd52d5b3c5a657c2fceb15de8d1fb"},
    {url = "https://files.pythonhosted.org/packages/76/1d/f55ebbfa6d00c95f0e471c148916859a96f7eee3af369dcc7d503aa0dbd4/pydantic-1.10.6-cp37-cp37m-manylinux_2_5_i686.manylinux1_i686.manylinux_2_17_i686.manylinux2014_i686.whl", hash = "sha256:53de12b4608290992a943801d7756f18a37b7aee284b9ffa794ee8ea8153f8e2"},
    {url = "https://files.pythonhosted.org/packages/87/0f/cb18f4a236c10b331d67df90dcc1b5653875476beabf7890712a3b175cbd/pydantic-1.10.6-cp311-cp311-win_amd64.whl", hash = "sha256:b1eb6610330a1dfba9ce142ada792f26bbef1255b75f538196a39e9e90388bf4"},
    {url = "https://files.pythonhosted.org/packages/88/09/1bc6ad530de4551e4bfbd7672d82e7b40b1207241145a6314478a172184c/pydantic-1.10.6-cp39-cp39-manylinux_2_5_i686.manylinux1_i686.manylinux_2_17_i686.manylinux2014_i686.whl", hash = "sha256:012c99a9c0d18cfde7469aa1ebff922e24b0c706d03ead96940f5465f2c9cf62"},
    {url = "https://files.pythonhosted.org/packages/8b/87/200171b36005368bc4c114f01cb9e8ae2a3f3325a47da8c710cc58cfd00c/pydantic-1.10.6.tar.gz", hash = "sha256:cf95adb0d1671fc38d8c43dd921ad5814a735e7d9b4d9e437c088002863854fd"},
    {url = "https://files.pythonhosted.org/packages/90/dc/8299d37154ffb5d5cb971fbe22abb3aa190fc79c6ff1ab47bd5265ce5466/pydantic-1.10.6-cp311-cp311-manylinux_2_5_i686.manylinux1_i686.manylinux_2_17_i686.manylinux2014_i686.whl", hash = "sha256:b243b564cea2576725e77aeeda54e3e0229a168bc587d536cd69941e6797543d"},
    {url = "https://files.pythonhosted.org/packages/9f/ee/1199f07af1e07492803e3d91ad9a92a2ef972a7d2f1f07f12f12d56fdb18/pydantic-1.10.6-cp310-cp310-manylinux_2_17_x86_64.manylinux2014_x86_64.whl", hash = "sha256:fd9b9e98068fa1068edfc9eabde70a7132017bdd4f362f8b4fd0abed79c33083"},
    {url = "https://files.pythonhosted.org/packages/a3/c3/d1360d4a8c8dea047b12c383cd5710720d7b31c1277f95d6b53e1307eebc/pydantic-1.10.6-cp39-cp39-musllinux_1_1_x86_64.whl", hash = "sha256:163e79386c3547c49366e959d01e37fc30252285a70619ffc1b10ede4758250a"},
    {url = "https://files.pythonhosted.org/packages/ad/61/d5edbe39b070fa666ce95353084be1c5aea209601b2221204cb41a1635f2/pydantic-1.10.6-cp38-cp38-manylinux_2_5_i686.manylinux1_i686.manylinux_2_17_i686.manylinux2014_i686.whl", hash = "sha256:587d92831d0115874d766b1f5fddcdde0c5b6c60f8c6111a394078ec227fca6d"},
    {url = "https://files.pythonhosted.org/packages/b7/fa/dc742086cdae06c6f866dce887dae7de8bf29b100c871b9fd6b989d4f501/pydantic-1.10.6-cp311-cp311-manylinux_2_17_x86_64.manylinux2014_x86_64.whl", hash = "sha256:89f15277d720aa57e173954d237628a8d304896364b9de745dcb722f584812c7"},
    {url = "https://files.pythonhosted.org/packages/bf/0d/80f666d9951485ce05ec2e62f3c2ef313e2a272a6fefbd0e7d48163dabd9/pydantic-1.10.6-cp37-cp37m-manylinux_2_17_x86_64.manylinux2014_x86_64.whl", hash = "sha256:ea4e2a7cb409951988e79a469f609bba998a576e6d7b9791ae5d1e0619e1c0f2"},
    {url = "https://files.pythonhosted.org/packages/c6/18/c2212763c05bcbf5bf7c71e92e205c61e519be4e661947ab19063eab87af/pydantic-1.10.6-cp311-cp311-macosx_11_0_arm64.whl", hash = "sha256:e277bd18339177daa62a294256869bbe84df1fb592be2716ec62627bb8d7c81d"},
    {url = "https://files.pythonhosted.org/packages/cb/7e/47b7f6d47673b0f42a08b5e4ca95bdb99aa89136bc453866042cca9a36c7/pydantic-1.10.6-cp39-cp39-macosx_10_9_x86_64.whl", hash = "sha256:6195ca908045054dd2d57eb9c39a5fe86409968b8040de8c2240186da0769da7"},
    {url = "https://files.pythonhosted.org/packages/d2/a9/09f668d851ae70d8513337489f91a16e2eca5524c3e0405d38291d043744/pydantic-1.10.6-cp310-cp310-win_amd64.whl", hash = "sha256:32937835e525d92c98a1512218db4eed9ddc8f4ee2a78382d77f54341972c0e7"},
    {url = "https://files.pythonhosted.org/packages/d4/23/f707aa3dda65ec019a00f3f8c0c473d1d259109d17b978b2cdf2dabb6222/pydantic-1.10.6-cp310-cp310-manylinux_2_5_i686.manylinux1_i686.manylinux_2_17_i686.manylinux2014_i686.whl", hash = "sha256:1c84583b9df62522829cbc46e2b22e0ec11445625b5acd70c5681ce09c9b11c4"},
    {url = "https://files.pythonhosted.org/packages/dd/73/cc7e962d40a7c6abf7dd210d3ba78afccb17dd2fb6d9c3ef7add028ef010/pydantic-1.10.6-py3-none-any.whl", hash = "sha256:acc6783751ac9c9bc4680379edd6d286468a1dc8d7d9906cd6f1186ed682b2b0"},
    {url = "https://files.pythonhosted.org/packages/e2/71/f6db40d01d0cde80471fdc0e96193f2e6f61ec0e6f24c7b362f1269d4361/pydantic-1.10.6-cp39-cp39-win_amd64.whl", hash = "sha256:189318051c3d57821f7233ecc94708767dd67687a614a4e8f92b4a020d4ffd06"},
    {url = "https://files.pythonhosted.org/packages/eb/a3/f24c038a5f11316ea28daa70110e7254250452ff0305662b0f53abe27c8f/pydantic-1.10.6-cp311-cp311-musllinux_1_1_i686.whl", hash = "sha256:3ce13a558b484c9ae48a6a7c184b1ba0e5588c5525482681db418268e5f86186"},
    {url = "https://files.pythonhosted.org/packages/f5/09/3f2ad426d20d2d353432f1c76290fa3c9863e2c04e05382ccca2aeade4c3/pydantic-1.10.6-cp311-cp311-macosx_10_9_x86_64.whl", hash = "sha256:bbd5c531b22928e63d0cb1868dee76123456e1de2f1cb45879e9e7a3f3f1779b"},
    {url = "https://files.pythonhosted.org/packages/f5/56/64028e205064748d6015a1afd6111c06f2b90982636850a3e157a7180ed5/pydantic-1.10.6-cp37-cp37m-musllinux_1_1_i686.whl", hash = "sha256:60184e80aac3b56933c71c48d6181e630b0fbc61ae455a63322a66a23c14731a"},
]
"sniffio 1.3.0" = [
    {url = "https://files.pythonhosted.org/packages/c3/a0/5dba8ed157b0136607c7f2151db695885606968d1fae123dc3391e0cfdbf/sniffio-1.3.0-py3-none-any.whl", hash = "sha256:eecefdce1e5bbfb7ad2eeaabf7c1eeb404d7757c379bd1f7e5cce9d8bf425384"},
    {url = "https://files.pythonhosted.org/packages/cd/50/d49c388cae4ec10e8109b1b833fd265511840706808576df3ada99ecb0ac/sniffio-1.3.0.tar.gz", hash = "sha256:e60305c5e5d314f5389259b7f22aaa33d8f7dee49763119234af3755c55b9101"},
]
"starlette 0.26.0.post1" = [
    {url = "https://files.pythonhosted.org/packages/53/b7/4a3a1e03c14fd9109e38f3dc89b2446e664543b5f9e5bc0a875af349da15/starlette-0.26.0.post1.tar.gz", hash = "sha256:af0e54d08afed70fcbc53ae01e71c9c62c8ab038ff8cfd3f7477bf0f086b5ab4"},
    {url = "https://files.pythonhosted.org/packages/5b/54/169fef8cf7676c8bd9dbd6af0684eb448cf68ca59ea2979d6a3180ea5ece/starlette-0.26.0.post1-py3-none-any.whl", hash = "sha256:5b80b546ed60d43da45f80113c05ff9f4c44fae95ee884945958eba685c56253"},
]
"typing-extensions 4.5.0" = [
    {url = "https://files.pythonhosted.org/packages/31/25/5abcd82372d3d4a3932e1fa8c3dbf9efac10cc7c0d16e78467460571b404/typing_extensions-4.5.0-py3-none-any.whl", hash = "sha256:fb33085c39dd998ac16d1431ebc293a8b3eedd00fd4a32de0ff79002c19511b4"},
    {url = "https://files.pythonhosted.org/packages/d3/20/06270dac7316220643c32ae61694e451c98f8caf4c8eab3aa80a2bedf0df/typing_extensions-4.5.0.tar.gz", hash = "sha256:5cb5f4a79139d699607b3ef622a1dedafa84e115ab0024e0d9c044a9479ca7cb"},
]
"uvicorn 0.21.0" = [
    {url = "https://files.pythonhosted.org/packages/24/ec/9e3e7c74c342e22dabcf0c6875a40269283f4c8aec2d2f5802b988c570f7/uvicorn-0.21.0-py3-none-any.whl", hash = "sha256:e69e955cb621ae7b75f5590a814a4fcbfb14cb8f44a36dfe3c5c75ab8aee3ad5"},
    {url = "https://files.pythonhosted.org/packages/7e/81/c817246fad66a4e90153f918710d94f422afdc9285cde039cacbb4dccbca/uvicorn-0.21.0.tar.gz", hash = "sha256:8635a388062222082f4b06225b867b74a7e4ef942124453d4d1d1a5cb3750932"},
]
